
Microsoft Visual Studio Solution File, Format Version 12.00
# Visual Studio Version 17
VisualStudioVersion = 17.0.32014.148
MinimumVisualStudioVersion = 10.0.40219.1
Project("{FAE04EC0-301F-11D3-BF4B-00C04F79EFBC}") = "naman and nattu", "naman and nattu\naman and nattu.csproj", "{3B395533-B35D-41A3-8FF1-0CC678F1370A}"
EndProject
Global
	GlobalSection(SolutionConfigurationPlatforms) = preSolution
		Debug|Any CPU = Debug|Any CPU
		Release|Any CPU = Release|Any CPU
	EndGlobalSection
	GlobalSection(ProjectConfigurationPlatforms) = postSolution
		{3B395533-B35D-41A3-8FF1-0CC678F1370A}.Debug|Any CPU.ActiveCfg = Debug|Any CPU
		{3B395533-B35D-41A3-8FF1-0CC678F1370A}.Debug|Any CPU.Build.0 = Debug|Any CPU
		{3B395533-B35D-41A3-8FF1-0CC678F1370A}.Release|Any CPU.ActiveCfg = Release|Any CPU
		{3B395533-B35D-41A3-8FF1-0CC678F1370A}.Release|Any CPU.Build.0 = Release|Any CPU
	EndGlobalSection
	GlobalSection(SolutionProperties) = preSolution
		HideSolutionNode = FALSE
	EndGlobalSection
	GlobalSection(ExtensibilityGlobals) = postSolution
		SolutionGuid = {6B6E5FE3-2F0D-498C-B027-9181CCD5087D}
	EndGlobalSection
EndGlobal
